// !$*UTF8*$!
{
	archiveVersion = 1;
	classes = {
	};
	objectVersion = 46;
	objects = {

/* Begin PBXBuildFile section */
		023D70321E9845AC002276AC /* AppDelegate.swift in Sources */ = {isa = PBXBuildFile; fileRef = 023D70311E9845AC002276AC /* AppDelegate.swift */; };
		023D70341E9845AC002276AC /* ViewController.swift in Sources */ = {isa = PBXBuildFile; fileRef = 023D70331E9845AC002276AC /* ViewController.swift */; };
		023D70371E9845AC002276AC /* Main.storyboard in Resources */ = {isa = PBXBuildFile; fileRef = 023D70351E9845AC002276AC /* Main.storyboard */; };
		023D703A1E9845AC002276AC /* CoreDataAssignment.xcdatamodeld in Sources */ = {isa = PBXBuildFile; fileRef = 023D70381E9845AC002276AC /* CoreDataAssignment.xcdatamodeld */; };
		023D703F1E9845AC002276AC /* LaunchScreen.storyboard in Resources */ = {isa = PBXBuildFile; fileRef = 023D703D1E9845AC002276AC /* LaunchScreen.storyboard */; };
		023D70481E98467A002276AC /* List+CoreDataClass.swift in Sources */ = {isa = PBXBuildFile; fileRef = 023D70461E98467A002276AC /* List+CoreDataClass.swift */; };
		023D70491E98467A002276AC /* List+CoreDataProperties.swift in Sources */ = {isa = PBXBuildFile; fileRef = 023D70471E98467A002276AC /* List+CoreDataProperties.swift */; };
		023D704B1E984A43002276AC /* TableViewController.swift in Sources */ = {isa = PBXBuildFile; fileRef = 023D704A1E984A43002276AC /* TableViewController.swift */; };
		023D704D1E986C48002276AC /* Images.xcassets in Resources */ = {isa = PBXBuildFile; fileRef = 023D704C1E986C48002276AC /* Images.xcassets */; };
/* End PBXBuildFile section */

/* Begin PBXFileReference section */
		023D702E1E9845AC002276AC /* CoreDataAssignment.app */ = {isa = PBXFileReference; explicitFileType = wrapper.application; includeInIndex = 0; path = CoreDataAssignment.app; sourceTree = BUILT_PRODUCTS_DIR; };
		023D70311E9845AC002276AC /* AppDelegate.swift */ = {isa = PBXFileReference; lastKnownFileType = sourcecode.swift; path = AppDelegate.swift; sourceTree = "<group>"; };
		023D70331E9845AC002276AC /* ViewController.swift */ = {isa = PBXFileReference; lastKnownFileType = sourcecode.swift; path = ViewController.swift; sourceTree = "<group>"; };
		023D70361E9845AC002276AC /* Base */ = {isa = PBXFileReference; lastKnownFileType = file.storyboard; name = Base; path = Base.lproj/Main.storyboard; sourceTree = "<group>"; };
		023D70391E9845AC002276AC /* CoreDataAssignment.xcdatamodel */ = {isa = PBXFileReference; lastKnownFileType = wrapper.xcdatamodel; path = CoreDataAssignment.xcdatamodel; sourceTree = "<group>"; };
		023D703E1E9845AC002276AC /* Base */ = {isa = PBXFileReference; lastKnownFileType = file.storyboard; name = Base; path = Base.lproj/LaunchScreen.storyboard; sourceTree = "<group>"; };
		023D70401E9845AC002276AC /* Info.plist */ = {isa = PBXFileReference; lastKnownFileType = text.plist.xml; path = Info.plist; sourceTree = "<group>"; };
		023D70461E98467A002276AC /* List+CoreDataClass.swift */ = {isa = PBXFileReference; fileEncoding = 4; lastKnownFileType = sourcecode.swift; path = "List+CoreDataClass.swift"; sourceTree = "<group>"; };
		023D70471E98467A002276AC /* List+CoreDataProperties.swift */ = {isa = PBXFileReference; fileEncoding = 4; lastKnownFileType = sourcecode.swift; path = "List+CoreDataProperties.swift"; sourceTree = "<group>"; };
		023D704A1E984A43002276AC /* TableViewController.swift */ = {isa = PBXFileReference; fileEncoding = 4; lastKnownFileType = sourcecode.swift; path = TableViewController.swift; sourceTree = "<group>"; };
		023D704C1E986C48002276AC /* Images.xcassets */ = {isa = PBXFileReference; lastKnownFileType = folder.assetcatalog; path = Images.xcassets; sourceTree = "<group>"; };
/* End PBXFileReference section */

/* Begin PBXFrameworksBuildPhase section */
		023D702B1E9845AC002276AC /* Frameworks */ = {
			isa = PBXFrameworksBuildPhase;
			buildActionMask = 2147483647;
			files = (
			);
			runOnlyForDeploymentPostprocessing = 0;
		};
/* End PBXFrameworksBuildPhase section */

/* Begin PBXGroup section */
		023D70251E9845AC002276AC = {
			isa = PBXGroup;
			children = (
				023D70301E9845AC002276AC /* CoreDataAssignment */,
				023D702F1E9845AC002276AC /* Products */,
			);
			sourceTree = "<group>";
		};
		023D702F1E9845AC002276AC /* Products */ = {
			isa = PBXGroup;
			children = (
				023D702E1E9845AC002276AC /* CoreDataAssignment.app */,
			);
			name = Products;
			sourceTree = "<group>";
		};
		023D70301E9845AC002276AC /* CoreDataAssignment */ = {
			isa = PBXGroup;
			children = (
				023D70311E9845AC002276AC /* AppDelegate.swift */,
				023D70331E9845AC002276AC /* ViewController.swift */,
				023D704A1E984A43002276AC /* TableViewController.swift */,
				023D70351E9845AC002276AC /* Main.storyboard */,
				023D704C1E986C48002276AC /* Images.xcassets */,
				023D703D1E9845AC002276AC /* LaunchScreen.storyboard */,
				023D70461E98467A002276AC /* List+CoreDataClass.swift */,
				023D70471E98467A002276AC /* List+CoreDataProperties.swift */,
				023D70401E9845AC002276AC /* Info.plist */,
				023D70381E9845AC002276AC /* CoreDataAssignment.xcdatamodeld */,
			);
			path = CoreDataAssignment;
			sourceTree = "<group>";
		};
/* End PBXGroup section */

/* Begin PBXNativeTarget section */
		023D702D1E9845AC002276AC /* CoreDataAssignment */ = {
			isa = PBXNativeTarget;
			buildConfigurationList = 023D70431E9845AC002276AC /* Build configuration list for PBXNativeTarget "CoreDataAssignment" */;
			buildPhases = (
				023D702A1E9845AC002276AC /* Sources */,
				023D702B1E9845AC002276AC /* Frameworks */,
				023D702C1E9845AC002276AC /* Resources */,
			);
			buildRules = (
			);
			dependencies = (
			);
			name = CoreDataAssignment;
			productName = CoreDataAssignment;
			productReference = 023D702E1E9845AC002276AC /* CoreDataAssignment.app */;
			productType = "com.apple.product-type.application";
		};
/* End PBXNativeTarget section */

/* Begin PBXProject section */
		023D70261E9845AC002276AC /* Project object */ = {
			isa = PBXProject;
			attributes = {
				LastSwiftUpdateCheck = 0820;
				LastUpgradeCheck = 0820;
				ORGANIZATIONNAME = "Damini Verma";
				TargetAttributes = {
					023D702D1E9845AC002276AC = {
						CreatedOnToolsVersion = 8.2.1;
						ProvisioningStyle = Automatic;
					};
				};
			};
			buildConfigurationList = 023D70291E9845AC002276AC /* Build configuration list for PBXProject "CoreDataAssignment" */;
			compatibilityVersion = "Xcode 3.2";
			developmentRegion = English;
			hasScannedForEncodings = 0;
			knownRegions = (
				en,
				Base,
			);
			mainGroup = 023D70251E9845AC002276AC;
			productRefGroup = 023D702F1E9845AC002276AC /* Products */;
			projectDirPath = "";
			projectRoot = "";
			targets = (
				023D702D1E9845AC002276AC /* CoreDataAssignment */,
			);
		};
/* End PBXProject section */

/* Begin PBXResourcesBuildPhase section */
		023D702C1E9845AC002276AC /* Resources */ = {
			isa = PBXResourcesBuildPhase;
			buildActionMask = 2147483647;
			files = (
				023D704D1E986C48002276AC /* Images.xcassets in Resources */,
				023D703F1E9845AC002276AC /* LaunchScreen.storyboard in Resources */,
				023D70371E9845AC002276AC /* Main.storyboard in Resources */,
			);
			runOnlyForDeploymentPostprocessing = 0;
		};
/* End PBXResourcesBuildPhase section */

/* Begin PBXSourcesBuildPhase section */
		023D702A1E9845AC002276AC /* Sources */ = {
			isa = PBXSourcesBuildPhase;
			buildActionMask = 2147483647;
			files = (
				023D70341E9845AC002276AC /* ViewController.swift in Sources */,
				023D704B1E984A43002276AC /* TableViewController.swift in Sources */,
				023D70491E98467A002276AC /* List+CoreDataProperties.swift in Sources */,
				023D70321E9845AC002276AC /* AppDelegate.swift in Sources */,
				023D703A1E9845AC002276AC /* CoreDataAssignment.xcdatamodeld in Sources */,
				023D70481E98467A002276AC /* List+CoreDataClass.swift in Sources */,
			);
			runOnlyForDeploymentPostprocessing = 0;
		};
/* End PBXSourcesBuildPhase section */

/* Begin PBXVariantGroup section */
		023D70351E9845AC002276AC /* Main.storyboard */ = {
			isa = PBXVariantGroup;
			children = (
				023D70361E9845AC002276AC /* Base */,
			);
			name = Main.storyboard;
			sourceTree = "<group>";
		};
		023D703D1E9845AC002276AC /* LaunchScreen.storyboard */ = {
			isa = PBXVariantGroup;
			children = (
				023D703E1E9845AC002276AC /* Base */,
			);
			name = LaunchScreen.storyboard;
			sourceTree = "<group>";
		};
/* End PBXVariantGroup section */

/* Begin XCBuildConfiguration section */
		023D70411E9845AC002276AC /* Debug */ = {
			isa = XCBuildConfiguration;
			buildSettings = {
				ALWAYS_SEARCH_USER_PATHS = NO;
				CLANG_ANALYZER_NONNULL = YES;
				CLANG_CXX_LANGUAGE_STANDARD = "gnu++0x";
				CLANG_CXX_LIBRARY = "libc++";
				CLANG_ENABLE_MODULES = YES;
				CLANG_ENABLE_OBJC_ARC = YES;
				CLANG_WARN_BOOL_CONVERSION = YES;
				CLANG_WARN_CONSTANT_CONVERSION = YES;
				CLANG_WARN_DIRECT_OBJC_ISA_USAGE = YES_ERROR;
				CLANG_WARN_DOCUMENTATION_COMMENTS = YES;
				CLANG_WARN_EMPTY_BODY = YES;
				CLANG_WARN_ENUM_CONVERSION = YES;
				CLANG_WARN_INFINITE_RECURSION = YES;
				CLANG_WARN_INT_CONVERSION = YES;
				CLANG_WARN_OBJC_ROOT_CLASS = YES_ERROR;
				CLANG_WARN_SUSPICIOUS_MOVE = YES;
				CLANG_WARN_UNREACHABLE_CODE = YES;
				CLANG_WARN__DUPLICATE_METHOD_MATCH = YES;
				"CODE_SIGN_IDENTITY[sdk=iphoneos*]" = "iPhone Developer";
				COPY_PHASE_STRIP = NO;
				DEBUG_INFORMATION_FORMAT = dwarf;
				ENABLE_STRICT_OBJC_MSGSEND = YES;
				ENABLE_TESTABILITY = YES;
				GCC_C_LANGUAGE_STANDARD = gnu99;
				GCC_DYNAMIC_NO_PIC = NO;
				GCC_NO_COMMON_BLOCKS = YES;
				GCC_OPTIMIZATION_LEVEL = 0;
				GCC_PREPROCESSOR_DEFINITIONS = (
					"DEBUG=1",
					"$(inherited)",
				);
				GCC_WARN_64_TO_32_BIT_CONVERSION = YES;
				GCC_WARN_ABOUT_RETURN_TYPE = YES_ERROR;
				GCC_WARN_UNDECLARED_SELECTOR = YES;
				GCC_WARN_UNINITIALIZED_AUTOS = YES_AGGRESSIVE;
				GCC_WARN_UNUSED_FUNCTION = YES;
				GCC_WARN_UNUSED_VARIABLE = YES;
				IPHONEOS_DEPLOYMENT_TARGET = 10.2;
				MTL_ENABLE_DEBUG_INFO = YES;
				ONLY_ACTIVE_ARCH = YES;
				SDKROOT = iphoneos;
				SWIFT_ACTIVE_COMPILATION_CONDITIONS = DEBUG;
				SWIFT_OPTIMIZATION_LEVEL = "-Onone";
			};
			name = Debug;
		};
		023D70421E9845AC002276AC /* Release */ = {
			isa = XCBuildConfiguration;
			buildSettings = {
				ALWAYS_SEARCH_USER_PATHS = NO;
				CLANG_ANALYZER_NONNULL = YES;
				CLANG_CXX_LANGUAGE_STANDARD = "gnu++0x";
				CLANG_CXX_LIBRARY = "libc++";
				CLANG_ENABLE_MODULES = YES;
				CLANG_ENABLE_OBJC_ARC = YES;
				CLANG_WARN_BOOL_CONVERSION = YES;
				CLANG_WARN_CONSTANT_CONVERSION = YES;
				CLANG_WARN_DIRECT_OBJC_ISA_USAGE = YES_ERROR;
				CLANG_WARN_DOCUMENTATION_COMMENTS = YES;
				CLANG_WARN_EMPTY_BODY = YES;
				CLANG_WARN_ENUM_CONVERSION = YES;
				CLANG_WARN_INFINITE_RECURSION = YES;
				CLANG_WARN_INT_CONVERSION = YES;
				CLANG_WARN_OBJC_ROOT_CLASS = YES_ERROR;
				CLANG_WARN_SUSPICIOUS_MOVE = YES;
				CLANG_WARN_UNREACHABLE_CODE = YES;
				CLANG_WARN__DUPLICATE_METHOD_MATCH = YES;
				"CODE_SIGN_IDENTITY[sdk=iphoneos*]" = "iPhone Developer";
				COPY_PHASE_STRIP = NO;
				DEBUG_INFORMATION_FORMAT = "dwarf-with-dsym";
				ENABLE_NS_ASSERTIONS = NO;
				ENABLE_STRICT_OBJC_MSGSEND = YES;
				GCC_C_LANGUAGE_STANDARD = gnu99;
				GCC_NO_COMMON_BLOCKS = YES;
				GCC_WARN_64_TO_32_BIT_CONVERSION = YES;
				GCC_WARN_ABOUT_RETURN_TYPE = YES_ERROR;
				GCC_WARN_UNDECLARED_SELECTOR = YES;
				GCC_WARN_UNINITIALIZED_AUTOS = YES_AGGRESSIVE;
				GCC_WARN_UNUSED_FUNCTION = YES;
				GCC_WARN_UNUSED_VARIABLE = YES;
				IPHONEOS_DEPLOYMENT_TARGET = 10.2;
				MTL_ENABLE_DEBUG_INFO = NO;
				SDKROOT = iphoneos;
				SWIFT_OPTIMIZATION_LEVEL = "-Owholemodule";
				VALIDATE_PRODUCT = YES;
			};
			name = Release;
		};
		023D70441E9845AC002276AC /* Debug */ = {
			isa = XCBuildConfiguration;
			buildSettings = {
				ASSETCATALOG_COMPILER_APPICON_NAME = AppIcon;
				INFOPLIST_FILE = CoreDataAssignment/Info.plist;
				LD_RUNPATH_SEARCH_PATHS = "$(inherited) @executable_path/Frameworks";
				PRODUCT_BUNDLE_IDENTIFIER = com.dv.CoreDataAssignment;
				PRODUCT_NAME = "$(TARGET_NAME)";
				SWIFT_VERSION = 3.0;
			};
			name = Debug;
		};
		023D70451E9845AC002276AC /* Release */ = {
			isa = XCBuildConfiguration;
			buildSettings = {
				ASSETCATALOG_COMPILER_APPICON_NAME = AppIcon;
				INFOPLIST_FILE = CoreDataAssignment/Info.plist;
				LD_RUNPATH_SEARCH_PATHS = "$(inherited) @executable_path/Frameworks";
				PRODUCT_BUNDLE_IDENTIFIER = com.dv.CoreDataAssignment;
				PRODUCT_NAME = "$(TARGET_NAME)";
				SWIFT_VERSION = 3.0;
			};
			name = Release;
		};
/* End XCBuildConfiguration section */

/* Begin XCConfigurationList section */
		023D70291E9845AC002276AC /* Build configuration list for PBXProject "CoreDataAssignment" */ = {
			isa = XCConfigurationList;
			buildConfigurations = (
				023D70411E9845AC002276AC /* Debug */,
				023D70421E9845AC002276AC /* Release */,
			);
			defaultConfigurationIsVisible = 0;
			defaultConfigurationName = Release;
		};
		023D70431E9845AC002276AC /* Build configuration list for PBXNativeTarget "CoreDataAssignment" */ = {
			isa = XCConfigurationList;
			buildConfigurations = (
				023D70441E9845AC002276AC /* Debug */,
				023D70451E9845AC002276AC /* Release */,
			);
			defaultConfigurationIsVisible = 0;
			defaultConfigurationName = Release;
		};
/* End XCConfigurationList section */

/* Begin XCVersionGroup section */
		023D70381E9845AC002276AC /* CoreDataAssignment.xcdatamodeld */ = {
			isa = XCVersionGroup;
			children = (
				023D70391E9845AC002276AC /* CoreDataAssignment.xcdatamodel */,
			);
			currentVersion = 023D70391E9845AC002276AC /* CoreDataAssignment.xcdatamodel */;
			path = CoreDataAssignment.xcdatamodeld;
			sourceTree = "<group>";
			versionGroupType = wrapper.xcdatamodel;
		};
/* End XCVersionGroup section */
	};
	rootObject = 023D70261E9845AC002276AC /* Project object */;
}
